
Microsoft Visual Studio Solution File, Format Version 12.00
# Visual Studio 2012
Project("{FAE04EC0-301F-11D3-BF4B-00C04F79EFBC}") = "01to04Point3D", "01to04Point3D\01to04Point3D.csproj", "{30ACEB83-865D-4444-AB9A-01552E1366F5}"
EndProject
Project("{FAE04EC0-301F-11D3-BF4B-00C04F79EFBC}") = "05to07GenericListEx", "05to07GenericListEx\05to07GenericListEx.csproj", "{D0FC23C8-E9EA-4D81-ABB1-8B9970C1958B}"
EndProject
Project("{FAE04EC0-301F-11D3-BF4B-00C04F79EFBC}") = "08to10TheMatrix", "08to10TheMatrix\08to10TheMatrix.csproj", "{D8E4FF7D-E8BC-4C07-BFE1-85B62C6256E3}"
EndProject
Project("{FAE04EC0-301F-11D3-BF4B-00C04F79EFBC}") = "11VersionAttribute", "11VersionAttribute\11VersionAttribute.csproj", "{1F33A2BD-6E7B-4B49-8045-53D3AB61D630}"
EndProject
Global
	GlobalSection(SolutionConfigurationPlatforms) = preSolution
		Debug|Any CPU = Debug|Any CPU
		Release|Any CPU = Release|Any CPU
	EndGlobalSection
	GlobalSection(ProjectConfigurationPlatforms) = postSolution
		{30ACEB83-865D-4444-AB9A-01552E1366F5}.Debug|Any CPU.ActiveCfg = Debug|Any CPU
		{30ACEB83-865D-4444-AB9A-01552E1366F5}.Debug|Any CPU.Build.0 = Debug|Any CPU
		{30ACEB83-865D-4444-AB9A-01552E1366F5}.Release|Any CPU.ActiveCfg = Release|Any CPU
		{30ACEB83-865D-4444-AB9A-01552E1366F5}.Release|Any CPU.Build.0 = Release|Any CPU
		{D0FC23C8-E9EA-4D81-ABB1-8B9970C1958B}.Debug|Any CPU.ActiveCfg = Debug|Any CPU
		{D0FC23C8-E9EA-4D81-ABB1-8B9970C1958B}.Debug|Any CPU.Build.0 = Debug|Any CPU
		{D0FC23C8-E9EA-4D81-ABB1-8B9970C1958B}.Release|Any CPU.ActiveCfg = Release|Any CPU
		{D0FC23C8-E9EA-4D81-ABB1-8B9970C1958B}.Release|Any CPU.Build.0 = Release|Any CPU
		{D8E4FF7D-E8BC-4C07-BFE1-85B62C6256E3}.Debug|Any CPU.ActiveCfg = Debug|Any CPU
		{D8E4FF7D-E8BC-4C07-BFE1-85B62C6256E3}.Debug|Any CPU.Build.0 = Debug|Any CPU
		{D8E4FF7D-E8BC-4C07-BFE1-85B62C6256E3}.Release|Any CPU.ActiveCfg = Release|Any CPU
		{D8E4FF7D-E8BC-4C07-BFE1-85B62C6256E3}.Release|Any CPU.Build.0 = Release|Any CPU
		{1F33A2BD-6E7B-4B49-8045-53D3AB61D630}.Debug|Any CPU.ActiveCfg = Debug|Any CPU
		{1F33A2BD-6E7B-4B49-8045-53D3AB61D630}.Debug|Any CPU.Build.0 = Debug|Any CPU
		{1F33A2BD-6E7B-4B49-8045-53D3AB61D630}.Release|Any CPU.ActiveCfg = Release|Any CPU
		{1F33A2BD-6E7B-4B49-8045-53D3AB61D630}.Release|Any CPU.Build.0 = Release|Any CPU
	EndGlobalSection
	GlobalSection(SolutionProperties) = preSolution
		HideSolutionNode = FALSE
	EndGlobalSection
EndGlobal
