
Microsoft Visual Studio Solution File, Format Version 12.00
# Visual Studio 2013
VisualStudioVersion = 12.0.21005.1
MinimumVisualStudioVersion = 10.0.40219.1
Project("{FAE04EC0-301F-11D3-BF4B-00C04F79EFBC}") = "Task1", "Task1\Task1.csproj", "{4E217031-6988-4D4E-BC4A-21622E7690BF}"
EndProject
Project("{FAE04EC0-301F-11D3-BF4B-00C04F79EFBC}") = "Task2", "Task2\Task2.csproj", "{7566E162-8A37-4814-9F53-55F34C8EEA55}"
EndProject
Project("{FAE04EC0-301F-11D3-BF4B-00C04F79EFBC}") = "Task3", "Task3\Task3.csproj", "{C44C6DDF-16BF-43B5-80D8-B07F9A6C5A7A}"
EndProject
Global
	GlobalSection(SolutionConfigurationPlatforms) = preSolution
		Debug|Any CPU = Debug|Any CPU
		Release|Any CPU = Release|Any CPU
	EndGlobalSection
	GlobalSection(ProjectConfigurationPlatforms) = postSolution
		{4E217031-6988-4D4E-BC4A-21622E7690BF}.Debug|Any CPU.ActiveCfg = Debug|Any CPU
		{4E217031-6988-4D4E-BC4A-21622E7690BF}.Debug|Any CPU.Build.0 = Debug|Any CPU
		{4E217031-6988-4D4E-BC4A-21622E7690BF}.Release|Any CPU.ActiveCfg = Release|Any CPU
		{4E217031-6988-4D4E-BC4A-21622E7690BF}.Release|Any CPU.Build.0 = Release|Any CPU
		{7566E162-8A37-4814-9F53-55F34C8EEA55}.Debug|Any CPU.ActiveCfg = Debug|Any CPU
		{7566E162-8A37-4814-9F53-55F34C8EEA55}.Debug|Any CPU.Build.0 = Debug|Any CPU
		{7566E162-8A37-4814-9F53-55F34C8EEA55}.Release|Any CPU.ActiveCfg = Release|Any CPU
		{7566E162-8A37-4814-9F53-55F34C8EEA55}.Release|Any CPU.Build.0 = Release|Any CPU
		{C44C6DDF-16BF-43B5-80D8-B07F9A6C5A7A}.Debug|Any CPU.ActiveCfg = Debug|Any CPU
		{C44C6DDF-16BF-43B5-80D8-B07F9A6C5A7A}.Debug|Any CPU.Build.0 = Debug|Any CPU
		{C44C6DDF-16BF-43B5-80D8-B07F9A6C5A7A}.Release|Any CPU.ActiveCfg = Release|Any CPU
		{C44C6DDF-16BF-43B5-80D8-B07F9A6C5A7A}.Release|Any CPU.Build.0 = Release|Any CPU
	EndGlobalSection
	GlobalSection(SolutionProperties) = preSolution
		HideSolutionNode = FALSE
	EndGlobalSection
EndGlobal
