
Microsoft Visual Studio Solution File, Format Version 12.00
# Visual Studio 2013
VisualStudioVersion = 12.0.21005.1
MinimumVisualStudioVersion = 10.0.40219.1
Project("{FAE04EC0-301F-11D3-BF4B-00C04F79EFBC}") = "OperatorsExpressionHMs", "OperatorsExpressionHMs\OperatorsExpressionHMs.csproj", "{523BB57D-944A-4995-B5E6-FCF2CDEE675D}"
EndProject
Global
	GlobalSection(SolutionConfigurationPlatforms) = preSolution
		Debug|Any CPU = Debug|Any CPU
		Release|Any CPU = Release|Any CPU
	EndGlobalSection
	GlobalSection(ProjectConfigurationPlatforms) = postSolution
		{523BB57D-944A-4995-B5E6-FCF2CDEE675D}.Debug|Any CPU.ActiveCfg = Debug|Any CPU
		{523BB57D-944A-4995-B5E6-FCF2CDEE675D}.Debug|Any CPU.Build.0 = Debug|Any CPU
		{523BB57D-944A-4995-B5E6-FCF2CDEE675D}.Release|Any CPU.ActiveCfg = Release|Any CPU
		{523BB57D-944A-4995-B5E6-FCF2CDEE675D}.Release|Any CPU.Build.0 = Release|Any CPU
	EndGlobalSection
	GlobalSection(SolutionProperties) = preSolution
		HideSolutionNode = FALSE
	EndGlobalSection
EndGlobal
