
Microsoft Visual Studio Solution File, Format Version 12.00
# Visual Studio 2012
Project("{FAE04EC0-301F-11D3-BF4B-00C04F79EFBC}") = "SevenLandNumbers", "SevenLandNumbers\SevenLandNumbers.csproj", "{26A1FE3C-993D-44DB-95C0-19A243DB2A4A}"
EndProject
Project("{FAE04EC0-301F-11D3-BF4B-00C04F79EFBC}") = "ShipDamage", "ShipDamage\ShipDamage.csproj", "{E65699B6-7450-4CCB-A3C3-730CF2789E7A}"
EndProject
Global
	GlobalSection(SolutionConfigurationPlatforms) = preSolution
		Debug|Any CPU = Debug|Any CPU
		Release|Any CPU = Release|Any CPU
	EndGlobalSection
	GlobalSection(ProjectConfigurationPlatforms) = postSolution
		{26A1FE3C-993D-44DB-95C0-19A243DB2A4A}.Debug|Any CPU.ActiveCfg = Debug|Any CPU
		{26A1FE3C-993D-44DB-95C0-19A243DB2A4A}.Debug|Any CPU.Build.0 = Debug|Any CPU
		{26A1FE3C-993D-44DB-95C0-19A243DB2A4A}.Release|Any CPU.ActiveCfg = Release|Any CPU
		{26A1FE3C-993D-44DB-95C0-19A243DB2A4A}.Release|Any CPU.Build.0 = Release|Any CPU
		{E65699B6-7450-4CCB-A3C3-730CF2789E7A}.Debug|Any CPU.ActiveCfg = Debug|Any CPU
		{E65699B6-7450-4CCB-A3C3-730CF2789E7A}.Debug|Any CPU.Build.0 = Debug|Any CPU
		{E65699B6-7450-4CCB-A3C3-730CF2789E7A}.Release|Any CPU.ActiveCfg = Release|Any CPU
		{E65699B6-7450-4CCB-A3C3-730CF2789E7A}.Release|Any CPU.Build.0 = Release|Any CPU
	EndGlobalSection
	GlobalSection(SolutionProperties) = preSolution
		HideSolutionNode = FALSE
	EndGlobalSection
EndGlobal
