
Microsoft Visual Studio Solution File, Format Version 12.00
# Visual Studio 2013
VisualStudioVersion = 12.0.30501.0
MinimumVisualStudioVersion = 10.0.40219.1
Project("{FAE04EC0-301F-11D3-BF4B-00C04F79EFBC}") = "Exam", "Exam\Exam.csproj", "{AB2915E6-97E2-4E92-BD99-F2B0A77CEEBA}"
EndProject
Global
	GlobalSection(SolutionConfigurationPlatforms) = preSolution
		Debug|Any CPU = Debug|Any CPU
		Release|Any CPU = Release|Any CPU
	EndGlobalSection
	GlobalSection(ProjectConfigurationPlatforms) = postSolution
		{AB2915E6-97E2-4E92-BD99-F2B0A77CEEBA}.Debug|Any CPU.ActiveCfg = Debug|Any CPU
		{AB2915E6-97E2-4E92-BD99-F2B0A77CEEBA}.Debug|Any CPU.Build.0 = Debug|Any CPU
		{AB2915E6-97E2-4E92-BD99-F2B0A77CEEBA}.Release|Any CPU.ActiveCfg = Release|Any CPU
		{AB2915E6-97E2-4E92-BD99-F2B0A77CEEBA}.Release|Any CPU.Build.0 = Release|Any CPU
	EndGlobalSection
	GlobalSection(SolutionProperties) = preSolution
		HideSolutionNode = FALSE
	EndGlobalSection
EndGlobal
