
Microsoft Visual Studio Solution File, Format Version 12.00
# Visual Studio 2012
Project("{FAE04EC0-301F-11D3-BF4B-00C04F79EFBC}") = "DurankulakNumbers", "DurankulakNumbers\DurankulakNumbers.csproj", "{0BC8DE0A-AFF1-4D0C-83C8-794918F091B4}"
EndProject
Project("{FAE04EC0-301F-11D3-BF4B-00C04F79EFBC}") = "Slides3D", "Slides3D\Slides3D.csproj", "{26CDB865-465E-49B5-A8BD-7517B7E32C2D}"
EndProject
Project("{FAE04EC0-301F-11D3-BF4B-00C04F79EFBC}") = "Stars3D", "Stars3D\Stars3D.csproj", "{79B76CC1-F88A-4BC4-894C-83D2F86FA816}"
EndProject
Project("{FAE04EC0-301F-11D3-BF4B-00C04F79EFBC}") = "03. Test", "03. Test\03. Test.csproj", "{65DC1353-0A48-49B0-96BE-F23AD3AB2814}"
EndProject
Global
	GlobalSection(SolutionConfigurationPlatforms) = preSolution
		Debug|Any CPU = Debug|Any CPU
		Release|Any CPU = Release|Any CPU
	EndGlobalSection
	GlobalSection(ProjectConfigurationPlatforms) = postSolution
		{0BC8DE0A-AFF1-4D0C-83C8-794918F091B4}.Debug|Any CPU.ActiveCfg = Debug|Any CPU
		{0BC8DE0A-AFF1-4D0C-83C8-794918F091B4}.Debug|Any CPU.Build.0 = Debug|Any CPU
		{0BC8DE0A-AFF1-4D0C-83C8-794918F091B4}.Release|Any CPU.ActiveCfg = Release|Any CPU
		{0BC8DE0A-AFF1-4D0C-83C8-794918F091B4}.Release|Any CPU.Build.0 = Release|Any CPU
		{26CDB865-465E-49B5-A8BD-7517B7E32C2D}.Debug|Any CPU.ActiveCfg = Debug|Any CPU
		{26CDB865-465E-49B5-A8BD-7517B7E32C2D}.Debug|Any CPU.Build.0 = Debug|Any CPU
		{26CDB865-465E-49B5-A8BD-7517B7E32C2D}.Release|Any CPU.ActiveCfg = Release|Any CPU
		{26CDB865-465E-49B5-A8BD-7517B7E32C2D}.Release|Any CPU.Build.0 = Release|Any CPU
		{79B76CC1-F88A-4BC4-894C-83D2F86FA816}.Debug|Any CPU.ActiveCfg = Debug|Any CPU
		{79B76CC1-F88A-4BC4-894C-83D2F86FA816}.Debug|Any CPU.Build.0 = Debug|Any CPU
		{79B76CC1-F88A-4BC4-894C-83D2F86FA816}.Release|Any CPU.ActiveCfg = Release|Any CPU
		{79B76CC1-F88A-4BC4-894C-83D2F86FA816}.Release|Any CPU.Build.0 = Release|Any CPU
		{65DC1353-0A48-49B0-96BE-F23AD3AB2814}.Debug|Any CPU.ActiveCfg = Debug|Any CPU
		{65DC1353-0A48-49B0-96BE-F23AD3AB2814}.Debug|Any CPU.Build.0 = Debug|Any CPU
		{65DC1353-0A48-49B0-96BE-F23AD3AB2814}.Release|Any CPU.ActiveCfg = Release|Any CPU
		{65DC1353-0A48-49B0-96BE-F23AD3AB2814}.Release|Any CPU.Build.0 = Release|Any CPU
	EndGlobalSection
	GlobalSection(SolutionProperties) = preSolution
		HideSolutionNode = FALSE
	EndGlobalSection
EndGlobal
