
Microsoft Visual Studio Solution File, Format Version 12.00
# Visual Studio 2012
Project("{FAE04EC0-301F-11D3-BF4B-00C04F79EFBC}") = "01KaspichanNumbers", "01KaspichanNumbers\01KaspichanNumbers.csproj", "{FC906E2C-1159-4ACE-863C-685B0A5B7FA2}"
EndProject
Project("{FAE04EC0-301F-11D3-BF4B-00C04F79EFBC}") = "02JoroTheRabbit", "02JoroTheRabbit\02JoroTheRabbit.csproj", "{2F7A8868-BA59-478D-9C9F-D7ED5E469BCF}"
EndProject
Global
	GlobalSection(SolutionConfigurationPlatforms) = preSolution
		Debug|Any CPU = Debug|Any CPU
		Release|Any CPU = Release|Any CPU
	EndGlobalSection
	GlobalSection(ProjectConfigurationPlatforms) = postSolution
		{FC906E2C-1159-4ACE-863C-685B0A5B7FA2}.Debug|Any CPU.ActiveCfg = Debug|Any CPU
		{FC906E2C-1159-4ACE-863C-685B0A5B7FA2}.Debug|Any CPU.Build.0 = Debug|Any CPU
		{FC906E2C-1159-4ACE-863C-685B0A5B7FA2}.Release|Any CPU.ActiveCfg = Release|Any CPU
		{FC906E2C-1159-4ACE-863C-685B0A5B7FA2}.Release|Any CPU.Build.0 = Release|Any CPU
		{2F7A8868-BA59-478D-9C9F-D7ED5E469BCF}.Debug|Any CPU.ActiveCfg = Debug|Any CPU
		{2F7A8868-BA59-478D-9C9F-D7ED5E469BCF}.Debug|Any CPU.Build.0 = Debug|Any CPU
		{2F7A8868-BA59-478D-9C9F-D7ED5E469BCF}.Release|Any CPU.ActiveCfg = Release|Any CPU
		{2F7A8868-BA59-478D-9C9F-D7ED5E469BCF}.Release|Any CPU.Build.0 = Release|Any CPU
	EndGlobalSection
	GlobalSection(SolutionProperties) = preSolution
		HideSolutionNode = FALSE
	EndGlobalSection
EndGlobal
